
Microsoft Visual Studio Solution File, Format Version 12.00
# Visual Studio Version 16
VisualStudioVersion = 16.0.31321.278
MinimumVisualStudioVersion = 10.0.40219.1
Project("{8BC9CEB8-8B4A-11D0-8D11-00A0C91BC942}") = "DirectXTest", "DirectXTest\DirectXTest.vcxproj", "{66214FED-7F26-45E5-8FEE-9B03E29E8653}"
EndProject
Global
	GlobalSection(SolutionConfigurationPlatforms) = preSolution
		Debug|x64 = Debug|x64
		Debug|x86 = Debug|x86
		Release|x64 = Release|x64
		Release|x86 = Release|x86
	EndGlobalSection
	GlobalSection(ProjectConfigurationPlatforms) = postSolution
		{66214FED-7F26-45E5-8FEE-9B03E29E8653}.Debug|x64.ActiveCfg = Debug|x64
		{66214FED-7F26-45E5-8FEE-9B03E29E8653}.Debug|x64.Build.0 = Debug|x64
		{66214FED-7F26-45E5-8FEE-9B03E29E8653}.Debug|x86.ActiveCfg = Debug|Win32
		{66214FED-7F26-45E5-8FEE-9B03E29E8653}.Debug|x86.Build.0 = Debug|Win32
		{66214FED-7F26-45E5-8FEE-9B03E29E8653}.Release|x64.ActiveCfg = Release|x64
		{66214FED-7F26-45E5-8FEE-9B03E29E8653}.Release|x64.Build.0 = Release|x64
		{66214FED-7F26-45E5-8FEE-9B03E29E8653}.Release|x86.ActiveCfg = Release|Win32
		{66214FED-7F26-45E5-8FEE-9B03E29E8653}.Release|x86.Build.0 = Release|Win32
	EndGlobalSection
	GlobalSection(SolutionProperties) = preSolution
		HideSolutionNode = FALSE
	EndGlobalSection
	GlobalSection(ExtensibilityGlobals) = postSolution
		SolutionGuid = {DF6955A0-B71B-4363-984C-BB40FCF352A9}
	EndGlobalSection
EndGlobal
